{
  "nodes": {
    "nixpkgs": {
      "locked": {
        "lastModified": 1769985542,
        "narHash": "sha256-IFwgVXyIOEvfd5vJLKOHV30ZX+2H8/Eb06MlIEsn4i8=",
        "owner": "nixos",
        "repo": "nixpkgs",
        "rev": "29fea2b16b4ed09aba65de233489673c665745e7",
        "type": "github"
      },
      "original": {
        "owner": "nixos",
        "repo": "nixpkgs",
        "type": "github"
      }
    },
    "root": {
      "inputs": {
        "nixpkgs": "nixpkgs",
        "unstable-nixpkgs": "unstable-nixpkgs"
      }
    },
    "unstable-nixpkgs": {
      "locked": {
        "lastModified": 1769789167,
        "narHash": "sha256-kKB3bqYJU5nzYeIROI82Ef9VtTbu4uA3YydSk/Bioa8=",
        "owner": "nixos",
        "repo": "nixpkgs",
        "rev": "62c8382960464ceb98ea593cb8321a2cf8f9e3e5",
        "type": "github"
      },
      "original": {
        "owner": "nixos",
        "ref": "nixos-unstable",
        "repo": "nixpkgs",
        "type": "github"
      }
    }
  },
  "root": "root",
  "version": 7
}
