{
  "nodes": {
    "nixpkgs": {
      "locked": {
        "lastModified": 1771687640,
        "narHash": "sha256-raAT8oFwQSZTyW2F+3ZhT6LgJDBGE2Ya61CDqnJO8hE=",
        "owner": "nixos",
        "repo": "nixpkgs",
        "rev": "4a99eb63c4ccfda432bc07d832436f7109cc5af1",
        "type": "github"
      },
      "original": {
        "owner": "nixos",
        "repo": "nixpkgs",
        "type": "github"
      }
    },
    "root": {
      "inputs": {
        "nixpkgs": "nixpkgs",
        "unstable-nixpkgs": "unstable-nixpkgs"
      }
    },
    "unstable-nixpkgs": {
      "locked": {
        "lastModified": 1771369470,
        "narHash": "sha256-0NBlEBKkN3lufyvFegY4TYv5mCNHbi5OmBDrzihbBMQ=",
        "owner": "nixos",
        "repo": "nixpkgs",
        "rev": "0182a361324364ae3f436a63005877674cf45efb",
        "type": "github"
      },
      "original": {
        "owner": "nixos",
        "ref": "nixos-unstable",
        "repo": "nixpkgs",
        "type": "github"
      }
    }
  },
  "root": "root",
  "version": 7
}
